// !$*UTF8*$!
{
	archiveVersion = 1;
	classes = {
	};
	objectVersion = 46;
	objects = {

/* Begin PBXBuildFile section */
		583B70C41AF0697B0028B835 /* main.m in Sources */ = {isa = PBXBuildFile; fileRef = 583B70C31AF0697B0028B835 /* main.m */; };
		583B70C71AF0697B0028B835 /* AppDelegate.m in Sources */ = {isa = PBXBuildFile; fileRef = 583B70C61AF0697B0028B835 /* AppDelegate.m */; };
		583B70CA1AF0697B0028B835 /* GameScene.m in Sources */ = {isa = PBXBuildFile; fileRef = 583B70C91AF0697B0028B835 /* GameScene.m */; };
		583B70CC1AF0697B0028B835 /* GameScene.sks in Resources */ = {isa = PBXBuildFile; fileRef = 583B70CB1AF0697B0028B835 /* GameScene.sks */; };
		583B70CF1AF0697B0028B835 /* GameViewController.m in Sources */ = {isa = PBXBuildFile; fileRef = 583B70CE1AF0697B0028B835 /* GameViewController.m */; };
		583B70D21AF0697B0028B835 /* Main.storyboard in Resources */ = {isa = PBXBuildFile; fileRef = 583B70D01AF0697B0028B835 /* Main.storyboard */; };
		583B70D41AF0697B0028B835 /* Images.xcassets in Resources */ = {isa = PBXBuildFile; fileRef = 583B70D31AF0697B0028B835 /* Images.xcassets */; };
		583B70D71AF0697B0028B835 /* LaunchScreen.xib in Resources */ = {isa = PBXBuildFile; fileRef = 583B70D51AF0697B0028B835 /* LaunchScreen.xib */; };
		583B70E31AF0697B0028B835 /* CSE394Project2SpaceGameTests.m in Sources */ = {isa = PBXBuildFile; fileRef = 583B70E21AF0697B0028B835 /* CSE394Project2SpaceGameTests.m */; };
		583B70ED1AF089540028B835 /* Player.atlas in Resources */ = {isa = PBXBuildFile; fileRef = 583B70EC1AF089540028B835 /* Player.atlas */; };
		583B70EF1AF08D500028B835 /* Zombie.atlas in Resources */ = {isa = PBXBuildFile; fileRef = 583B70EE1AF08D500028B835 /* Zombie.atlas */; };
		585F5D1E1AF1810400E2284C /* projectiles.atlas in Resources */ = {isa = PBXBuildFile; fileRef = 585F5D1D1AF1810400E2284C /* projectiles.atlas */; };
		585F5D231AF192A600E2284C /* playerInfo.m in Sources */ = {isa = PBXBuildFile; fileRef = 585F5D221AF192A600E2284C /* playerInfo.m */; };
		585F5D261AF1940400E2284C /* Level2.m in Sources */ = {isa = PBXBuildFile; fileRef = 585F5D251AF1940400E2284C /* Level2.m */; };
		58DD9DB71AF27B80002220D7 /* Level1.m in Sources */ = {isa = PBXBuildFile; fileRef = 58DD9DB61AF27B80002220D7 /* Level1.m */; };
		58DD9DBA1AF27B96002220D7 /* Endless.m in Sources */ = {isa = PBXBuildFile; fileRef = 58DD9DB91AF27B96002220D7 /* Endless.m */; };
		58DD9DBE1AF2A193002220D7 /* misc.atlas in Resources */ = {isa = PBXBuildFile; fileRef = 58DD9DBD1AF2A193002220D7 /* misc.atlas */; };
/* End PBXBuildFile section */

/* Begin PBXContainerItemProxy section */
		583B70DD1AF0697B0028B835 /* PBXContainerItemProxy */ = {
			isa = PBXContainerItemProxy;
			containerPortal = 583B70B61AF0697B0028B835 /* Project object */;
			proxyType = 1;
			remoteGlobalIDString = 583B70BD1AF0697B0028B835;
			remoteInfo = CSE394Project2SpaceGame;
		};
/* End PBXContainerItemProxy section */

/* Begin PBXFileReference section */
		583B70BE1AF0697B0028B835 /* CSE394Project2SpaceGame.app */ = {isa = PBXFileReference; explicitFileType = wrapper.application; includeInIndex = 0; path = CSE394Project2SpaceGame.app; sourceTree = BUILT_PRODUCTS_DIR; };
		583B70C21AF0697B0028B835 /* Info.plist */ = {isa = PBXFileReference; lastKnownFileType = text.plist.xml; path = Info.plist; sourceTree = "<group>"; };
		583B70C31AF0697B0028B835 /* main.m */ = {isa = PBXFileReference; lastKnownFileType = sourcecode.c.objc; path = main.m; sourceTree = "<group>"; };
		583B70C51AF0697B0028B835 /* AppDelegate.h */ = {isa = PBXFileReference; lastKnownFileType = sourcecode.c.h; path = AppDelegate.h; sourceTree = "<group>"; };
		583B70C61AF0697B0028B835 /* AppDelegate.m */ = {isa = PBXFileReference; lastKnownFileType = sourcecode.c.objc; path = AppDelegate.m; sourceTree = "<group>"; };
		583B70C81AF0697B0028B835 /* GameScene.h */ = {isa = PBXFileReference; lastKnownFileType = sourcecode.c.h; path = GameScene.h; sourceTree = "<group>"; };
		583B70C91AF0697B0028B835 /* GameScene.m */ = {isa = PBXFileReference; lastKnownFileType = sourcecode.c.objc; path = GameScene.m; sourceTree = "<group>"; };
		583B70CB1AF0697B0028B835 /* GameScene.sks */ = {isa = PBXFileReference; lastKnownFileType = file.sks; path = GameScene.sks; sourceTree = "<group>"; };
		583B70CD1AF0697B0028B835 /* GameViewController.h */ = {isa = PBXFileReference; lastKnownFileType = sourcecode.c.h; path = GameViewController.h; sourceTree = "<group>"; };
		583B70CE1AF0697B0028B835 /* GameViewController.m */ = {isa = PBXFileReference; lastKnownFileType = sourcecode.c.objc; path = GameViewController.m; sourceTree = "<group>"; };
		583B70D11AF0697B0028B835 /* Base */ = {isa = PBXFileReference; lastKnownFileType = file.storyboard; name = Base; path = Base.lproj/Main.storyboard; sourceTree = "<group>"; };
		583B70D31AF0697B0028B835 /* Images.xcassets */ = {isa = PBXFileReference; lastKnownFileType = folder.assetcatalog; path = Images.xcassets; sourceTree = "<group>"; };
		583B70D61AF0697B0028B835 /* Base */ = {isa = PBXFileReference; lastKnownFileType = file.xib; name = Base; path = Base.lproj/LaunchScreen.xib; sourceTree = "<group>"; };
		583B70DC1AF0697B0028B835 /* CSE394Project2SpaceGameTests.xctest */ = {isa = PBXFileReference; explicitFileType = wrapper.cfbundle; includeInIndex = 0; path = CSE394Project2SpaceGameTests.xctest; sourceTree = BUILT_PRODUCTS_DIR; };
		583B70E11AF0697B0028B835 /* Info.plist */ = {isa = PBXFileReference; lastKnownFileType = text.plist.xml; path = Info.plist; sourceTree = "<group>"; };
		583B70E21AF0697B0028B835 /* CSE394Project2SpaceGameTests.m */ = {isa = PBXFileReference; lastKnownFileType = sourcecode.c.objc; path = CSE394Project2SpaceGameTests.m; sourceTree = "<group>"; };
		583B70EC1AF089540028B835 /* Player.atlas */ = {isa = PBXFileReference; lastKnownFileType = folder.skatlas; path = Player.atlas; sourceTree = "<group>"; };
		583B70EE1AF08D500028B835 /* Zombie.atlas */ = {isa = PBXFileReference; lastKnownFileType = folder.skatlas; path = Zombie.atlas; sourceTree = "<group>"; };
		585F5D1D1AF1810400E2284C /* projectiles.atlas */ = {isa = PBXFileReference; lastKnownFileType = folder.skatlas; path = projectiles.atlas; sourceTree = "<group>"; };
		585F5D211AF192A600E2284C /* playerInfo.h */ = {isa = PBXFileReference; fileEncoding = 4; lastKnownFileType = sourcecode.c.h; path = playerInfo.h; sourceTree = "<group>"; };
		585F5D221AF192A600E2284C /* playerInfo.m */ = {isa = PBXFileReference; fileEncoding = 4; lastKnownFileType = sourcecode.c.objc; path = playerInfo.m; sourceTree = "<group>"; };
		585F5D241AF1940400E2284C /* Level2.h */ = {isa = PBXFileReference; fileEncoding = 4; lastKnownFileType = sourcecode.c.h; path = Level2.h; sourceTree = "<group>"; };
		585F5D251AF1940400E2284C /* Level2.m */ = {isa = PBXFileReference; fileEncoding = 4; lastKnownFileType = sourcecode.c.objc; path = Level2.m; sourceTree = "<group>"; };
		58DD9DB51AF27B80002220D7 /* Level1.h */ = {isa = PBXFileReference; fileEncoding = 4; lastKnownFileType = sourcecode.c.h; path = Level1.h; sourceTree = "<group>"; };
		58DD9DB61AF27B80002220D7 /* Level1.m */ = {isa = PBXFileReference; fileEncoding = 4; lastKnownFileType = sourcecode.c.objc; path = Level1.m; sourceTree = "<group>"; };
		58DD9DB81AF27B96002220D7 /* Endless.h */ = {isa = PBXFileReference; fileEncoding = 4; lastKnownFileType = sourcecode.c.h; path = Endless.h; sourceTree = "<group>"; };
		58DD9DB91AF27B96002220D7 /* Endless.m */ = {isa = PBXFileReference; fileEncoding = 4; lastKnownFileType = sourcecode.c.objc; path = Endless.m; sourceTree = "<group>"; };
		58DD9DBD1AF2A193002220D7 /* misc.atlas */ = {isa = PBXFileReference; lastKnownFileType = folder.skatlas; path = misc.atlas; sourceTree = "<group>"; };
/* End PBXFileReference section */

/* Begin PBXFrameworksBuildPhase section */
		583B70BB1AF0697B0028B835 /* Frameworks */ = {
			isa = PBXFrameworksBuildPhase;
			buildActionMask = 2147483647;
			files = (
			);
			runOnlyForDeploymentPostprocessing = 0;
		};
		583B70D91AF0697B0028B835 /* Frameworks */ = {
			isa = PBXFrameworksBuildPhase;
			buildActionMask = 2147483647;
			files = (
			);
			runOnlyForDeploymentPostprocessing = 0;
		};
/* End PBXFrameworksBuildPhase section */

/* Begin PBXGroup section */
		583B70B51AF0697A0028B835 = {
			isa = PBXGroup;
			children = (
				583B70C01AF0697B0028B835 /* CSE394Project2SpaceGame */,
				583B70DF1AF0697B0028B835 /* CSE394Project2SpaceGameTests */,
				583B70BF1AF0697B0028B835 /* Products */,
			);
			sourceTree = "<group>";
		};
		583B70BF1AF0697B0028B835 /* Products */ = {
			isa = PBXGroup;
			children = (
				583B70BE1AF0697B0028B835 /* CSE394Project2SpaceGame.app */,
				583B70DC1AF0697B0028B835 /* CSE394Project2SpaceGameTests.xctest */,
			);
			name = Products;
			sourceTree = "<group>";
		};
		583B70C01AF0697B0028B835 /* CSE394Project2SpaceGame */ = {
			isa = PBXGroup;
			children = (
				583B70C51AF0697B0028B835 /* AppDelegate.h */,
				583B70C61AF0697B0028B835 /* AppDelegate.m */,
				583B70C81AF0697B0028B835 /* GameScene.h */,
				585F5D241AF1940400E2284C /* Level2.h */,
				585F5D251AF1940400E2284C /* Level2.m */,
				583B70C91AF0697B0028B835 /* GameScene.m */,
				583B70CB1AF0697B0028B835 /* GameScene.sks */,
				583B70CD1AF0697B0028B835 /* GameViewController.h */,
				583B70CE1AF0697B0028B835 /* GameViewController.m */,
				583B70D01AF0697B0028B835 /* Main.storyboard */,
				583B70D31AF0697B0028B835 /* Images.xcassets */,
				583B70D51AF0697B0028B835 /* LaunchScreen.xib */,
				583B70C11AF0697B0028B835 /* Supporting Files */,
				585F5D211AF192A600E2284C /* playerInfo.h */,
				585F5D221AF192A600E2284C /* playerInfo.m */,
				58DD9DB51AF27B80002220D7 /* Level1.h */,
				58DD9DB61AF27B80002220D7 /* Level1.m */,
				58DD9DB81AF27B96002220D7 /* Endless.h */,
				58DD9DB91AF27B96002220D7 /* Endless.m */,
			);
			path = CSE394Project2SpaceGame;
			sourceTree = "<group>";
		};
		583B70C11AF0697B0028B835 /* Supporting Files */ = {
			isa = PBXGroup;
			children = (
				58DD9DBD1AF2A193002220D7 /* misc.atlas */,
				585F5D1D1AF1810400E2284C /* projectiles.atlas */,
				583B70EE1AF08D500028B835 /* Zombie.atlas */,
				583B70EC1AF089540028B835 /* Player.atlas */,
				583B70C21AF0697B0028B835 /* Info.plist */,
				583B70C31AF0697B0028B835 /* main.m */,
			);
			name = "Supporting Files";
			sourceTree = "<group>";
		};
		583B70DF1AF0697B0028B835 /* CSE394Project2SpaceGameTests */ = {
			isa = PBXGroup;
			children = (
				583B70E21AF0697B0028B835 /* CSE394Project2SpaceGameTests.m */,
				583B70E01AF0697B0028B835 /* Supporting Files */,
			);
			path = CSE394Project2SpaceGameTests;
			sourceTree = "<group>";
		};
		583B70E01AF0697B0028B835 /* Supporting Files */ = {
			isa = PBXGroup;
			children = (
				583B70E11AF0697B0028B835 /* Info.plist */,
			);
			name = "Supporting Files";
			sourceTree = "<group>";
		};
/* End PBXGroup section */

/* Begin PBXNativeTarget section */
		583B70BD1AF0697B0028B835 /* CSE394Project2SpaceGame */ = {
			isa = PBXNativeTarget;
			buildConfigurationList = 583B70E61AF0697B0028B835 /* Build configuration list for PBXNativeTarget "CSE394Project2SpaceGame" */;
			buildPhases = (
				583B70BA1AF0697B0028B835 /* Sources */,
				583B70BB1AF0697B0028B835 /* Frameworks */,
				583B70BC1AF0697B0028B835 /* Resources */,
			);
			buildRules = (
			);
			dependencies = (
			);
			name = CSE394Project2SpaceGame;
			productName = CSE394Project2SpaceGame;
			productReference = 583B70BE1AF0697B0028B835 /* CSE394Project2SpaceGame.app */;
			productType = "com.apple.product-type.application";
		};
		583B70DB1AF0697B0028B835 /* CSE394Project2SpaceGameTests */ = {
			isa = PBXNativeTarget;
			buildConfigurationList = 583B70E91AF0697B0028B835 /* Build configuration list for PBXNativeTarget "CSE394Project2SpaceGameTests" */;
			buildPhases = (
				583B70D81AF0697B0028B835 /* Sources */,
				583B70D91AF0697B0028B835 /* Frameworks */,
				583B70DA1AF0697B0028B835 /* Resources */,
			);
			buildRules = (
			);
			dependencies = (
				583B70DE1AF0697B0028B835 /* PBXTargetDependency */,
			);
			name = CSE394Project2SpaceGameTests;
			productName = CSE394Project2SpaceGameTests;
			productReference = 583B70DC1AF0697B0028B835 /* CSE394Project2SpaceGameTests.xctest */;
			productType = "com.apple.product-type.bundle.unit-test";
		};
/* End PBXNativeTarget section */

/* Begin PBXProject section */
		583B70B61AF0697B0028B835 /* Project object */ = {
			isa = PBXProject;
			attributes = {
				LastUpgradeCheck = 0630;
				ORGANIZATIONNAME = Adam;
				TargetAttributes = {
					583B70BD1AF0697B0028B835 = {
						CreatedOnToolsVersion = 6.3;
					};
					583B70DB1AF0697B0028B835 = {
						CreatedOnToolsVersion = 6.3;
						TestTargetID = 583B70BD1AF0697B0028B835;
					};
				};
			};
			buildConfigurationList = 583B70B91AF0697B0028B835 /* Build configuration list for PBXProject "CSE394Project2SpaceGame" */;
			compatibilityVersion = "Xcode 3.2";
			developmentRegion = English;
			hasScannedForEncodings = 0;
			knownRegions = (
				en,
				Base,
			);
			mainGroup = 583B70B51AF0697A0028B835;
			productRefGroup = 583B70BF1AF0697B0028B835 /* Products */;
			projectDirPath = "";
			projectRoot = "";
			targets = (
				583B70BD1AF0697B0028B835 /* CSE394Project2SpaceGame */,
				583B70DB1AF0697B0028B835 /* CSE394Project2SpaceGameTests */,
			);
		};
/* End PBXProject section */

/* Begin PBXResourcesBuildPhase section */
		583B70BC1AF0697B0028B835 /* Resources */ = {
			isa = PBXResourcesBuildPhase;
			buildActionMask = 2147483647;
			files = (
				583B70D71AF0697B0028B835 /* LaunchScreen.xib in Resources */,
				58DD9DBE1AF2A193002220D7 /* misc.atlas in Resources */,
				583B70D41AF0697B0028B835 /* Images.xcassets in Resources */,
				583B70ED1AF089540028B835 /* Player.atlas in Resources */,
				585F5D1E1AF1810400E2284C /* projectiles.atlas in Resources */,
				583B70CC1AF0697B0028B835 /* GameScene.sks in Resources */,
				583B70D21AF0697B0028B835 /* Main.storyboard in Resources */,
				583B70EF1AF08D500028B835 /* Zombie.atlas in Resources */,
			);
			runOnlyForDeploymentPostprocessing = 0;
		};
		583B70DA1AF0697B0028B835 /* Resources */ = {
			isa = PBXResourcesBuildPhase;
			buildActionMask = 2147483647;
			files = (
			);
			runOnlyForDeploymentPostprocessing = 0;
		};
/* End PBXResourcesBuildPhase section */

/* Begin PBXSourcesBuildPhase section */
		583B70BA1AF0697B0028B835 /* Sources */ = {
			isa = PBXSourcesBuildPhase;
			buildActionMask = 2147483647;
			files = (
				583B70CF1AF0697B0028B835 /* GameViewController.m in Sources */,
				583B70C71AF0697B0028B835 /* AppDelegate.m in Sources */,
				58DD9DBA1AF27B96002220D7 /* Endless.m in Sources */,
				583B70CA1AF0697B0028B835 /* GameScene.m in Sources */,
				585F5D261AF1940400E2284C /* Level2.m in Sources */,
				585F5D231AF192A600E2284C /* playerInfo.m in Sources */,
				583B70C41AF0697B0028B835 /* main.m in Sources */,
				58DD9DB71AF27B80002220D7 /* Level1.m in Sources */,
			);
			runOnlyForDeploymentPostprocessing = 0;
		};
		583B70D81AF0697B0028B835 /* Sources */ = {
			isa = PBXSourcesBuildPhase;
			buildActionMask = 2147483647;
			files = (
				583B70E31AF0697B0028B835 /* CSE394Project2SpaceGameTests.m in Sources */,
			);
			runOnlyForDeploymentPostprocessing = 0;
		};
/* End PBXSourcesBuildPhase section */

/* Begin PBXTargetDependency section */
		583B70DE1AF0697B0028B835 /* PBXTargetDependency */ = {
			isa = PBXTargetDependency;
			target = 583B70BD1AF0697B0028B835 /* CSE394Project2SpaceGame */;
			targetProxy = 583B70DD1AF0697B0028B835 /* PBXContainerItemProxy */;
		};
/* End PBXTargetDependency section */

/* Begin PBXVariantGroup section */
		583B70D01AF0697B0028B835 /* Main.storyboard */ = {
			isa = PBXVariantGroup;
			children = (
				583B70D11AF0697B0028B835 /* Base */,
			);
			name = Main.storyboard;
			sourceTree = "<group>";
		};
		583B70D51AF0697B0028B835 /* LaunchScreen.xib */ = {
			isa = PBXVariantGroup;
			children = (
				583B70D61AF0697B0028B835 /* Base */,
			);
			name = LaunchScreen.xib;
			sourceTree = "<group>";
		};
/* End PBXVariantGroup section */

/* Begin XCBuildConfiguration section */
		583B70E41AF0697B0028B835 /* Debug */ = {
			isa = XCBuildConfiguration;
			buildSettings = {
				ALWAYS_SEARCH_USER_PATHS = NO;
				CLANG_CXX_LANGUAGE_STANDARD = "gnu++0x";
				CLANG_CXX_LIBRARY = "libc++";
				CLANG_ENABLE_MODULES = YES;
				CLANG_ENABLE_OBJC_ARC = YES;
				CLANG_WARN_BOOL_CONVERSION = YES;
				CLANG_WARN_CONSTANT_CONVERSION = YES;
				CLANG_WARN_DIRECT_OBJC_ISA_USAGE = YES_ERROR;
				CLANG_WARN_EMPTY_BODY = YES;
				CLANG_WARN_ENUM_CONVERSION = YES;
				CLANG_WARN_INT_CONVERSION = YES;
				CLANG_WARN_OBJC_ROOT_CLASS = YES_ERROR;
				CLANG_WARN_UNREACHABLE_CODE = YES;
				CLANG_WARN__DUPLICATE_METHOD_MATCH = YES;
				"CODE_SIGN_IDENTITY[sdk=iphoneos*]" = "iPhone Developer";
				COPY_PHASE_STRIP = NO;
				DEBUG_INFORMATION_FORMAT = "dwarf-with-dsym";
				ENABLE_STRICT_OBJC_MSGSEND = YES;
				GCC_C_LANGUAGE_STANDARD = gnu99;
				GCC_DYNAMIC_NO_PIC = NO;
				GCC_NO_COMMON_BLOCKS = YES;
				GCC_OPTIMIZATION_LEVEL = 0;
				GCC_PREPROCESSOR_DEFINITIONS = (
					"DEBUG=1",
					"$(inherited)",
				);
				GCC_SYMBOLS_PRIVATE_EXTERN = NO;
				GCC_WARN_64_TO_32_BIT_CONVERSION = YES;
				GCC_WARN_ABOUT_RETURN_TYPE = YES_ERROR;
				GCC_WARN_UNDECLARED_SELECTOR = YES;
				GCC_WARN_UNINITIALIZED_AUTOS = YES_AGGRESSIVE;
				GCC_WARN_UNUSED_FUNCTION = YES;
				GCC_WARN_UNUSED_VARIABLE = YES;
				IPHONEOS_DEPLOYMENT_TARGET = 8.3;
				MTL_ENABLE_DEBUG_INFO = YES;
				ONLY_ACTIVE_ARCH = YES;
				SDKROOT = iphoneos;
			};
			name = Debug;
		};
		583B70E51AF0697B0028B835 /* Release */ = {
			isa = XCBuildConfiguration;
			buildSettings = {
				ALWAYS_SEARCH_USER_PATHS = NO;
				CLANG_CXX_LANGUAGE_STANDARD = "gnu++0x";
				CLANG_CXX_LIBRARY = "libc++";
				CLANG_ENABLE_MODULES = YES;
				CLANG_ENABLE_OBJC_ARC = YES;
				CLANG_WARN_BOOL_CONVERSION = YES;
				CLANG_WARN_CONSTANT_CONVERSION = YES;
				CLANG_WARN_DIRECT_OBJC_ISA_USAGE = YES_ERROR;
				CLANG_WARN_EMPTY_BODY = YES;
				CLANG_WARN_ENUM_CONVERSION = YES;
				CLANG_WARN_INT_CONVERSION = YES;
				CLANG_WARN_OBJC_ROOT_CLASS = YES_ERROR;
				CLANG_WARN_UNREACHABLE_CODE = YES;
				CLANG_WARN__DUPLICATE_METHOD_MATCH = YES;
				"CODE_SIGN_IDENTITY[sdk=iphoneos*]" = "iPhone Developer";
				COPY_PHASE_STRIP = NO;
				DEBUG_INFORMATION_FORMAT = "dwarf-with-dsym";
				ENABLE_NS_ASSERTIONS = NO;
				ENABLE_STRICT_OBJC_MSGSEND = YES;
				GCC_C_LANGUAGE_STANDARD = gnu99;
				GCC_NO_COMMON_BLOCKS = YES;
				GCC_WARN_64_TO_32_BIT_CONVERSION = YES;
				GCC_WARN_ABOUT_RETURN_TYPE = YES_ERROR;
				GCC_WARN_UNDECLARED_SELECTOR = YES;
				GCC_WARN_UNINITIALIZED_AUTOS = YES_AGGRESSIVE;
				GCC_WARN_UNUSED_FUNCTION = YES;
				GCC_WARN_UNUSED_VARIABLE = YES;
				IPHONEOS_DEPLOYMENT_TARGET = 8.3;
				MTL_ENABLE_DEBUG_INFO = NO;
				SDKROOT = iphoneos;
				VALIDATE_PRODUCT = YES;
			};
			name = Release;
		};
		583B70E71AF0697B0028B835 /* Debug */ = {
			isa = XCBuildConfiguration;
			buildSettings = {
				ASSETCATALOG_COMPILER_APPICON_NAME = AppIcon;
				INFOPLIST_FILE = CSE394Project2SpaceGame/Info.plist;
				LD_RUNPATH_SEARCH_PATHS = "$(inherited) @executable_path/Frameworks";
				PRODUCT_NAME = "$(TARGET_NAME)";
				TARGETED_DEVICE_FAMILY = 1;
			};
			name = Debug;
		};
		583B70E81AF0697B0028B835 /* Release */ = {
			isa = XCBuildConfiguration;
			buildSettings = {
				ASSETCATALOG_COMPILER_APPICON_NAME = AppIcon;
				INFOPLIST_FILE = CSE394Project2SpaceGame/Info.plist;
				LD_RUNPATH_SEARCH_PATHS = "$(inherited) @executable_path/Frameworks";
				PRODUCT_NAME = "$(TARGET_NAME)";
				TARGETED_DEVICE_FAMILY = 1;
			};
			name = Release;
		};
		583B70EA1AF0697B0028B835 /* Debug */ = {
			isa = XCBuildConfiguration;
			buildSettings = {
				BUNDLE_LOADER = "$(TEST_HOST)";
				FRAMEWORK_SEARCH_PATHS = (
					"$(SDKROOT)/Developer/Library/Frameworks",
					"$(inherited)",
				);
				GCC_PREPROCESSOR_DEFINITIONS = (
					"DEBUG=1",
					"$(inherited)",
				);
				INFOPLIST_FILE = CSE394Project2SpaceGameTests/Info.plist;
				LD_RUNPATH_SEARCH_PATHS = "$(inherited) @executable_path/Frameworks @loader_path/Frameworks";
				PRODUCT_NAME = "$(TARGET_NAME)";
				TEST_HOST = "$(BUILT_PRODUCTS_DIR)/CSE394Project2SpaceGame.app/CSE394Project2SpaceGame";
			};
			name = Debug;
		};
		583B70EB1AF0697B0028B835 /* Release */ = {
			isa = XCBuildConfiguration;
			buildSettings = {
				BUNDLE_LOADER = "$(TEST_HOST)";
				FRAMEWORK_SEARCH_PATHS = (
					"$(SDKROOT)/Developer/Library/Frameworks",
					"$(inherited)",
				);
				INFOPLIST_FILE = CSE394Project2SpaceGameTests/Info.plist;
				LD_RUNPATH_SEARCH_PATHS = "$(inherited) @executable_path/Frameworks @loader_path/Frameworks";
				PRODUCT_NAME = "$(TARGET_NAME)";
				TEST_HOST = "$(BUILT_PRODUCTS_DIR)/CSE394Project2SpaceGame.app/CSE394Project2SpaceGame";
			};
			name = Release;
		};
/* End XCBuildConfiguration section */

/* Begin XCConfigurationList section */
		583B70B91AF0697B0028B835 /* Build configuration list for PBXProject "CSE394Project2SpaceGame" */ = {
			isa = XCConfigurationList;
			buildConfigurations = (
				583B70E41AF0697B0028B835 /* Debug */,
				583B70E51AF0697B0028B835 /* Release */,
			);
			defaultConfigurationIsVisible = 0;
			defaultConfigurationName = Release;
		};
		583B70E61AF0697B0028B835 /* Build configuration list for PBXNativeTarget "CSE394Project2SpaceGame" */ = {
			isa = XCConfigurationList;
			buildConfigurations = (
				583B70E71AF0697B0028B835 /* Debug */,
				583B70E81AF0697B0028B835 /* Release */,
			);
			defaultConfigurationIsVisible = 0;
			defaultConfigurationName = Release;
		};
		583B70E91AF0697B0028B835 /* Build configuration list for PBXNativeTarget "CSE394Project2SpaceGameTests" */ = {
			isa = XCConfigurationList;
			buildConfigurations = (
				583B70EA1AF0697B0028B835 /* Debug */,
				583B70EB1AF0697B0028B835 /* Release */,
			);
			defaultConfigurationIsVisible = 0;
			defaultConfigurationName = Release;
		};
/* End XCConfigurationList section */
	};
	rootObject = 583B70B61AF0697B0028B835 /* Project object */;
}
